
Microsoft Visual Studio Solution File, Format Version 12.00
# Visual Studio Version 17
VisualStudioVersion = 17.8.34330.188
MinimumVisualStudioVersion = 10.0.40219.1
Project("{9A19103F-16F7-4668-BE54-9A1E7A4F7556}") = "WeatherAppAPI", "WeatherAppAPI\WeatherAppAPI.csproj", "{84271C87-B5EA-46CF-A890-C26363E73F9F}"
EndProject
Project("{9A19103F-16F7-4668-BE54-9A1E7A4F7556}") = "WeatherApp", "WeatherApp\WeatherApp.csproj", "{848AD1C3-EE0D-4726-B943-ED05072F0F8F}"
EndProject
Global
	GlobalSection(SolutionConfigurationPlatforms) = preSolution
		Debug|Any CPU = Debug|Any CPU
		Release|Any CPU = Release|Any CPU
	EndGlobalSection
	GlobalSection(ProjectConfigurationPlatforms) = postSolution
		{84271C87-B5EA-46CF-A890-C26363E73F9F}.Debug|Any CPU.ActiveCfg = Debug|Any CPU
		{84271C87-B5EA-46CF-A890-C26363E73F9F}.Debug|Any CPU.Build.0 = Debug|Any CPU
		{84271C87-B5EA-46CF-A890-C26363E73F9F}.Release|Any CPU.ActiveCfg = Release|Any CPU
		{84271C87-B5EA-46CF-A890-C26363E73F9F}.Release|Any CPU.Build.0 = Release|Any CPU
		{848AD1C3-EE0D-4726-B943-ED05072F0F8F}.Debug|Any CPU.ActiveCfg = Debug|Any CPU
		{848AD1C3-EE0D-4726-B943-ED05072F0F8F}.Debug|Any CPU.Build.0 = Debug|Any CPU
		{848AD1C3-EE0D-4726-B943-ED05072F0F8F}.Release|Any CPU.ActiveCfg = Release|Any CPU
		{848AD1C3-EE0D-4726-B943-ED05072F0F8F}.Release|Any CPU.Build.0 = Release|Any CPU
	EndGlobalSection
	GlobalSection(SolutionProperties) = preSolution
		HideSolutionNode = FALSE
	EndGlobalSection
	GlobalSection(ExtensibilityGlobals) = postSolution
		SolutionGuid = {216FE20A-9EC0-414B-A27C-A3AEC99C54FE}
	EndGlobalSection
EndGlobal
